schema: '2.0'
stages:
  process_data:
    cmd: python src/process_data.py
    deps:
    - path: data/raw/groceries.csv
      md5: 40921a38d0626b35cc4251fb3778dfbf
      size: 1103280
    - path: src/process_data.py
      md5: 7159b2b437d257adf054849ddc92cc57
      size: 1182
    outs:
    - path: data/prepared/prepared.csv
      md5: e847c7d30017639b7b85448f86dbfd07
      size: 444239
  train:
    cmd: python src/train.py
    deps:
    - path: data/prepared/prepared.csv
      md5: e847c7d30017639b7b85448f86dbfd07
      size: 444239
    - path: src/train.py
      md5: 76970c7f178436dd414c03d4ef3f1e4a
      size: 2223
    outs:
    - path: model/association_rules.pkl
      md5: dfd3ac76636fcf714983cb74b3e2dc18
      size: 2747
