schema: '2.0'
stages:
  process_data:
    cmd: python code/ml_training/process_data.py
    deps:
    - path: code/ml_training/process_data.py
      md5: abebf1e6fb6427615b3289eafa0edcbf
      size: 1189
    - path: data/raw/groceries.csv
      md5: 40921a38d0626b35cc4251fb3778dfbf
      size: 1103280
    outs:
    - path: data/prepared/prepared.csv
      md5: e847c7d30017639b7b85448f86dbfd07
      size: 444239
  train:
    cmd: python code/ml_training/train.py
    deps:
    - path: code/ml_training/train.py
      md5: 1836eda6798f5b16d0fc3f4788cc68f2
      size: 2176
    - path: data/prepared/prepared.csv
      md5: e847c7d30017639b7b85448f86dbfd07
      size: 444239
    outs:
    - path: model/association_rules.pkl
      md5: 188e3e95e0f5999d2ad2ee3e7f5b1c34
      size: 3735
